
Microsoft Visual Studio Solution File, Format Version 12.00
# Visual Studio Version 17
VisualStudioVersion = 17.1.32421.90
MinimumVisualStudioVersion = 10.0.40219.1
Project("{FAE04EC0-301F-11D3-BF4B-00C04F79EFBC}") = "Intel-Card-Deck-Api", "Intel-Card-Deck-Api\Intel-Card-Deck-Api.csproj", "{A5196777-FC35-498A-AABF-83005D0D20A9}"
EndProject
Global
	GlobalSection(SolutionConfigurationPlatforms) = preSolution
		Debug|Any CPU = Debug|Any CPU
		Release|Any CPU = Release|Any CPU
	EndGlobalSection
	GlobalSection(ProjectConfigurationPlatforms) = postSolution
		{A5196777-FC35-498A-AABF-83005D0D20A9}.Debug|Any CPU.ActiveCfg = Debug|Any CPU
		{A5196777-FC35-498A-AABF-83005D0D20A9}.Debug|Any CPU.Build.0 = Debug|Any CPU
		{A5196777-FC35-498A-AABF-83005D0D20A9}.Release|Any CPU.ActiveCfg = Release|Any CPU
		{A5196777-FC35-498A-AABF-83005D0D20A9}.Release|Any CPU.Build.0 = Release|Any CPU
	EndGlobalSection
	GlobalSection(SolutionProperties) = preSolution
		HideSolutionNode = FALSE
	EndGlobalSection
	GlobalSection(ExtensibilityGlobals) = postSolution
		SolutionGuid = {A369CDBD-4F68-46A4-B496-88F8C24E05D0}
	EndGlobalSection
EndGlobal
